// !$*UTF8*$!
{
	archiveVersion = 1;
	classes = {
	};
	objectVersion = 56;
	objects = {

/* Begin PBXBuildFile section */
		AD02F22B29BBC0CC00A47E52 /* AppDelegate.swift in Sources */ = {isa = PBXBuildFile; fileRef = AD02F22A29BBC0CC00A47E52 /* AppDelegate.swift */; };
		AD02F22D29BBC0CC00A47E52 /* SceneDelegate.swift in Sources */ = {isa = PBXBuildFile; fileRef = AD02F22C29BBC0CC00A47E52 /* SceneDelegate.swift */; };
		AD02F22F29BBC0CC00A47E52 /* ViewController.swift in Sources */ = {isa = PBXBuildFile; fileRef = AD02F22E29BBC0CC00A47E52 /* ViewController.swift */; };
		AD02F23229BBC0CC00A47E52 /* Main.storyboard in Resources */ = {isa = PBXBuildFile; fileRef = AD02F23029BBC0CC00A47E52 /* Main.storyboard */; };
		AD02F23429BBC0CC00A47E52 /* Assets.xcassets in Resources */ = {isa = PBXBuildFile; fileRef = AD02F23329BBC0CC00A47E52 /* Assets.xcassets */; };
		AD02F23729BBC0CC00A47E52 /* LaunchScreen.storyboard in Resources */ = {isa = PBXBuildFile; fileRef = AD02F23529BBC0CC00A47E52 /* LaunchScreen.storyboard */; };
		AD02F24029BBC13600A47E52 /* OpenAISwift in Frameworks */ = {isa = PBXBuildFile; productRef = AD02F23F29BBC13600A47E52 /* OpenAISwift */; };
		AD02F24229BBC2CD00A47E52 /* ApiCaller.swift in Sources */ = {isa = PBXBuildFile; fileRef = AD02F24129BBC2CD00A47E52 /* ApiCaller.swift */; };
/* End PBXBuildFile section */

/* Begin PBXFileReference section */
		AD02F22729BBC0CC00A47E52 /* chatAiDemo.app */ = {isa = PBXFileReference; explicitFileType = wrapper.application; includeInIndex = 0; path = chatAiDemo.app; sourceTree = BUILT_PRODUCTS_DIR; };
		AD02F22A29BBC0CC00A47E52 /* AppDelegate.swift */ = {isa = PBXFileReference; lastKnownFileType = sourcecode.swift; path = AppDelegate.swift; sourceTree = "<group>"; };
		AD02F22C29BBC0CC00A47E52 /* SceneDelegate.swift */ = {isa = PBXFileReference; lastKnownFileType = sourcecode.swift; path = SceneDelegate.swift; sourceTree = "<group>"; };
		AD02F22E29BBC0CC00A47E52 /* ViewController.swift */ = {isa = PBXFileReference; lastKnownFileType = sourcecode.swift; path = ViewController.swift; sourceTree = "<group>"; };
		AD02F23129BBC0CC00A47E52 /* Base */ = {isa = PBXFileReference; lastKnownFileType = file.storyboard; name = Base; path = Base.lproj/Main.storyboard; sourceTree = "<group>"; };
		AD02F23329BBC0CC00A47E52 /* Assets.xcassets */ = {isa = PBXFileReference; lastKnownFileType = folder.assetcatalog; path = Assets.xcassets; sourceTree = "<group>"; };
		AD02F23629BBC0CC00A47E52 /* Base */ = {isa = PBXFileReference; lastKnownFileType = file.storyboard; name = Base; path = Base.lproj/LaunchScreen.storyboard; sourceTree = "<group>"; };
		AD02F23829BBC0CC00A47E52 /* Info.plist */ = {isa = PBXFileReference; lastKnownFileType = text.plist.xml; path = Info.plist; sourceTree = "<group>"; };
		AD02F24129BBC2CD00A47E52 /* ApiCaller.swift */ = {isa = PBXFileReference; lastKnownFileType = sourcecode.swift; path = ApiCaller.swift; sourceTree = "<group>"; };
/* End PBXFileReference section */

/* Begin PBXFrameworksBuildPhase section */
		AD02F22429BBC0CC00A47E52 /* Frameworks */ = {
			isa = PBXFrameworksBuildPhase;
			buildActionMask = 2147483647;
			files = (
				AD02F24029BBC13600A47E52 /* OpenAISwift in Frameworks */,
			);
			runOnlyForDeploymentPostprocessing = 0;
		};
/* End PBXFrameworksBuildPhase section */

/* Begin PBXGroup section */
		AD02F21E29BBC0CC00A47E52 = {
			isa = PBXGroup;
			children = (
				AD02F22929BBC0CC00A47E52 /* chatAiDemo */,
				AD02F22829BBC0CC00A47E52 /* Products */,
			);
			sourceTree = "<group>";
		};
		AD02F22829BBC0CC00A47E52 /* Products */ = {
			isa = PBXGroup;
			children = (
				AD02F22729BBC0CC00A47E52 /* chatAiDemo.app */,
			);
			name = Products;
			sourceTree = "<group>";
		};
		AD02F22929BBC0CC00A47E52 /* chatAiDemo */ = {
			isa = PBXGroup;
			children = (
				AD02F22A29BBC0CC00A47E52 /* AppDelegate.swift */,
				AD02F22C29BBC0CC00A47E52 /* SceneDelegate.swift */,
				AD02F22E29BBC0CC00A47E52 /* ViewController.swift */,
				AD02F23029BBC0CC00A47E52 /* Main.storyboard */,
				AD02F23329BBC0CC00A47E52 /* Assets.xcassets */,
				AD02F23529BBC0CC00A47E52 /* LaunchScreen.storyboard */,
				AD02F23829BBC0CC00A47E52 /* Info.plist */,
				AD02F24129BBC2CD00A47E52 /* ApiCaller.swift */,
			);
			path = chatAiDemo;
			sourceTree = "<group>";
		};
/* End PBXGroup section */

/* Begin PBXNativeTarget section */
		AD02F22629BBC0CC00A47E52 /* chatAiDemo */ = {
			isa = PBXNativeTarget;
			buildConfigurationList = AD02F23B29BBC0CC00A47E52 /* Build configuration list for PBXNativeTarget "chatAiDemo" */;
			buildPhases = (
				AD02F22329BBC0CC00A47E52 /* Sources */,
				AD02F22429BBC0CC00A47E52 /* Frameworks */,
				AD02F22529BBC0CC00A47E52 /* Resources */,
			);
			buildRules = (
			);
			dependencies = (
			);
			name = chatAiDemo;
			packageProductDependencies = (
				AD02F23F29BBC13600A47E52 /* OpenAISwift */,
			);
			productName = chatAiDemo;
			productReference = AD02F22729BBC0CC00A47E52 /* chatAiDemo.app */;
			productType = "com.apple.product-type.application";
		};
/* End PBXNativeTarget section */

/* Begin PBXProject section */
		AD02F21F29BBC0CC00A47E52 /* Project object */ = {
			isa = PBXProject;
			attributes = {
				BuildIndependentTargetsInParallel = 1;
				LastSwiftUpdateCheck = 1420;
				LastUpgradeCheck = 1420;
				TargetAttributes = {
					AD02F22629BBC0CC00A47E52 = {
						CreatedOnToolsVersion = 14.2;
					};
				};
			};
			buildConfigurationList = AD02F22229BBC0CC00A47E52 /* Build configuration list for PBXProject "chatAiDemo" */;
			compatibilityVersion = "Xcode 14.0";
			developmentRegion = en;
			hasScannedForEncodings = 0;
			knownRegions = (
				en,
				Base,
			);
			mainGroup = AD02F21E29BBC0CC00A47E52;
			packageReferences = (
				AD02F23E29BBC13600A47E52 /* XCRemoteSwiftPackageReference "OpenAISwift" */,
			);
			productRefGroup = AD02F22829BBC0CC00A47E52 /* Products */;
			projectDirPath = "";
			projectRoot = "";
			targets = (
				AD02F22629BBC0CC00A47E52 /* chatAiDemo */,
			);
		};
/* End PBXProject section */

/* Begin PBXResourcesBuildPhase section */
		AD02F22529BBC0CC00A47E52 /* Resources */ = {
			isa = PBXResourcesBuildPhase;
			buildActionMask = 2147483647;
			files = (
				AD02F23729BBC0CC00A47E52 /* LaunchScreen.storyboard in Resources */,
				AD02F23429BBC0CC00A47E52 /* Assets.xcassets in Resources */,
				AD02F23229BBC0CC00A47E52 /* Main.storyboard in Resources */,
			);
			runOnlyForDeploymentPostprocessing = 0;
		};
/* End PBXResourcesBuildPhase section */

/* Begin PBXSourcesBuildPhase section */
		AD02F22329BBC0CC00A47E52 /* Sources */ = {
			isa = PBXSourcesBuildPhase;
			buildActionMask = 2147483647;
			files = (
				AD02F22F29BBC0CC00A47E52 /* ViewController.swift in Sources */,
				AD02F22B29BBC0CC00A47E52 /* AppDelegate.swift in Sources */,
				AD02F22D29BBC0CC00A47E52 /* SceneDelegate.swift in Sources */,
				AD02F24229BBC2CD00A47E52 /* ApiCaller.swift in Sources */,
			);
			runOnlyForDeploymentPostprocessing = 0;
		};
/* End PBXSourcesBuildPhase section */

/* Begin PBXVariantGroup section */
		AD02F23029BBC0CC00A47E52 /* Main.storyboard */ = {
			isa = PBXVariantGroup;
			children = (
				AD02F23129BBC0CC00A47E52 /* Base */,
			);
			name = Main.storyboard;
			sourceTree = "<group>";
		};
		AD02F23529BBC0CC00A47E52 /* LaunchScreen.storyboard */ = {
			isa = PBXVariantGroup;
			children = (
				AD02F23629BBC0CC00A47E52 /* Base */,
			);
			name = LaunchScreen.storyboard;
			sourceTree = "<group>";
		};
/* End PBXVariantGroup section */

/* Begin XCBuildConfiguration section */
		AD02F23929BBC0CC00A47E52 /* Debug */ = {
			isa = XCBuildConfiguration;
			buildSettings = {
				ALWAYS_SEARCH_USER_PATHS = NO;
				CLANG_ANALYZER_NONNULL = YES;
				CLANG_ANALYZER_NUMBER_OBJECT_CONVERSION = YES_AGGRESSIVE;
				CLANG_CXX_LANGUAGE_STANDARD = "gnu++20";
				CLANG_ENABLE_MODULES = YES;
				CLANG_ENABLE_OBJC_ARC = YES;
				CLANG_ENABLE_OBJC_WEAK = YES;
				CLANG_WARN_BLOCK_CAPTURE_AUTORELEASING = YES;
				CLANG_WARN_BOOL_CONVERSION = YES;
				CLANG_WARN_COMMA = YES;
				CLANG_WARN_CONSTANT_CONVERSION = YES;
				CLANG_WARN_DEPRECATED_OBJC_IMPLEMENTATIONS = YES;
				CLANG_WARN_DIRECT_OBJC_ISA_USAGE = YES_ERROR;
				CLANG_WARN_DOCUMENTATION_COMMENTS = YES;
				CLANG_WARN_EMPTY_BODY = YES;
				CLANG_WARN_ENUM_CONVERSION = YES;
				CLANG_WARN_INFINITE_RECURSION = YES;
				CLANG_WARN_INT_CONVERSION = YES;
				CLANG_WARN_NON_LITERAL_NULL_CONVERSION = YES;
				CLANG_WARN_OBJC_IMPLICIT_RETAIN_SELF = YES;
				CLANG_WARN_OBJC_LITERAL_CONVERSION = YES;
				CLANG_WARN_OBJC_ROOT_CLASS = YES_ERROR;
				CLANG_WARN_QUOTED_INCLUDE_IN_FRAMEWORK_HEADER = YES;
				CLANG_WARN_RANGE_LOOP_ANALYSIS = YES;
				CLANG_WARN_STRICT_PROTOTYPES = YES;
				CLANG_WARN_SUSPICIOUS_MOVE = YES;
				CLANG_WARN_UNGUARDED_AVAILABILITY = YES_AGGRESSIVE;
				CLANG_WARN_UNREACHABLE_CODE = YES;
				CLANG_WARN__DUPLICATE_METHOD_MATCH = YES;
				COPY_PHASE_STRIP = NO;
				DEBUG_INFORMATION_FORMAT = dwarf;
				ENABLE_STRICT_OBJC_MSGSEND = YES;
				ENABLE_TESTABILITY = YES;
				GCC_C_LANGUAGE_STANDARD = gnu11;
				GCC_DYNAMIC_NO_PIC = NO;
				GCC_NO_COMMON_BLOCKS = YES;
				GCC_OPTIMIZATION_LEVEL = 0;
				GCC_PREPROCESSOR_DEFINITIONS = (
					"DEBUG=1",
					"$(inherited)",
				);
				GCC_WARN_64_TO_32_BIT_CONVERSION = YES;
				GCC_WARN_ABOUT_RETURN_TYPE = YES_ERROR;
				GCC_WARN_UNDECLARED_SELECTOR = YES;
				GCC_WARN_UNINITIALIZED_AUTOS = YES_AGGRESSIVE;
				GCC_WARN_UNUSED_FUNCTION = YES;
				GCC_WARN_UNUSED_VARIABLE = YES;
				IPHONEOS_DEPLOYMENT_TARGET = 16.2;
				MTL_ENABLE_DEBUG_INFO = INCLUDE_SOURCE;
				MTL_FAST_MATH = YES;
				ONLY_ACTIVE_ARCH = YES;
				SDKROOT = iphoneos;
				SWIFT_ACTIVE_COMPILATION_CONDITIONS = DEBUG;
				SWIFT_OPTIMIZATION_LEVEL = "-Onone";
			};
			name = Debug;
		};
		AD02F23A29BBC0CC00A47E52 /* Release */ = {
			isa = XCBuildConfiguration;
			buildSettings = {
				ALWAYS_SEARCH_USER_PATHS = NO;
				CLANG_ANALYZER_NONNULL = YES;
				CLANG_ANALYZER_NUMBER_OBJECT_CONVERSION = YES_AGGRESSIVE;
				CLANG_CXX_LANGUAGE_STANDARD = "gnu++20";
				CLANG_ENABLE_MODULES = YES;
				CLANG_ENABLE_OBJC_ARC = YES;
				CLANG_ENABLE_OBJC_WEAK = YES;
				CLANG_WARN_BLOCK_CAPTURE_AUTORELEASING = YES;
				CLANG_WARN_BOOL_CONVERSION = YES;
				CLANG_WARN_COMMA = YES;
				CLANG_WARN_CONSTANT_CONVERSION = YES;
				CLANG_WARN_DEPRECATED_OBJC_IMPLEMENTATIONS = YES;
				CLANG_WARN_DIRECT_OBJC_ISA_USAGE = YES_ERROR;
				CLANG_WARN_DOCUMENTATION_COMMENTS = YES;
				CLANG_WARN_EMPTY_BODY = YES;
				CLANG_WARN_ENUM_CONVERSION = YES;
				CLANG_WARN_INFINITE_RECURSION = YES;
				CLANG_WARN_INT_CONVERSION = YES;
				CLANG_WARN_NON_LITERAL_NULL_CONVERSION = YES;
				CLANG_WARN_OBJC_IMPLICIT_RETAIN_SELF = YES;
				CLANG_WARN_OBJC_LITERAL_CONVERSION = YES;
				CLANG_WARN_OBJC_ROOT_CLASS = YES_ERROR;
				CLANG_WARN_QUOTED_INCLUDE_IN_FRAMEWORK_HEADER = YES;
				CLANG_WARN_RANGE_LOOP_ANALYSIS = YES;
				CLANG_WARN_STRICT_PROTOTYPES = YES;
				CLANG_WARN_SUSPICIOUS_MOVE = YES;
				CLANG_WARN_UNGUARDED_AVAILABILITY = YES_AGGRESSIVE;
				CLANG_WARN_UNREACHABLE_CODE = YES;
				CLANG_WARN__DUPLICATE_METHOD_MATCH = YES;
				COPY_PHASE_STRIP = NO;
				DEBUG_INFORMATION_FORMAT = "dwarf-with-dsym";
				ENABLE_NS_ASSERTIONS = NO;
				ENABLE_STRICT_OBJC_MSGSEND = YES;
				GCC_C_LANGUAGE_STANDARD = gnu11;
				GCC_NO_COMMON_BLOCKS = YES;
				GCC_WARN_64_TO_32_BIT_CONVERSION = YES;
				GCC_WARN_ABOUT_RETURN_TYPE = YES_ERROR;
				GCC_WARN_UNDECLARED_SELECTOR = YES;
				GCC_WARN_UNINITIALIZED_AUTOS = YES_AGGRESSIVE;
				GCC_WARN_UNUSED_FUNCTION = YES;
				GCC_WARN_UNUSED_VARIABLE = YES;
				IPHONEOS_DEPLOYMENT_TARGET = 16.2;
				MTL_ENABLE_DEBUG_INFO = NO;
				MTL_FAST_MATH = YES;
				SDKROOT = iphoneos;
				SWIFT_COMPILATION_MODE = wholemodule;
				SWIFT_OPTIMIZATION_LEVEL = "-O";
				VALIDATE_PRODUCT = YES;
			};
			name = Release;
		};
		AD02F23C29BBC0CC00A47E52 /* Debug */ = {
			isa = XCBuildConfiguration;
			buildSettings = {
				ASSETCATALOG_COMPILER_APPICON_NAME = AppIcon;
				ASSETCATALOG_COMPILER_GLOBAL_ACCENT_COLOR_NAME = AccentColor;
				CODE_SIGN_STYLE = Automatic;
				CURRENT_PROJECT_VERSION = 1;
				GENERATE_INFOPLIST_FILE = YES;
				INFOPLIST_FILE = chatAiDemo/Info.plist;
				INFOPLIST_KEY_UIApplicationSupportsIndirectInputEvents = YES;
				INFOPLIST_KEY_UILaunchStoryboardName = LaunchScreen;
				INFOPLIST_KEY_UIMainStoryboardFile = Main;
				INFOPLIST_KEY_UISupportedInterfaceOrientations_iPad = "UIInterfaceOrientationPortrait UIInterfaceOrientationPortraitUpsideDown UIInterfaceOrientationLandscapeLeft UIInterfaceOrientationLandscapeRight";
				INFOPLIST_KEY_UISupportedInterfaceOrientations_iPhone = "UIInterfaceOrientationPortrait UIInterfaceOrientationLandscapeLeft UIInterfaceOrientationLandscapeRight";
				LD_RUNPATH_SEARCH_PATHS = (
					"$(inherited)",
					"@executable_path/Frameworks",
				);
				MARKETING_VERSION = 1.0;
				PRODUCT_BUNDLE_IDENTIFIER = Don.chatAiDemo;
				PRODUCT_NAME = "$(TARGET_NAME)";
				SWIFT_EMIT_LOC_STRINGS = YES;
				SWIFT_VERSION = 5.0;
				TARGETED_DEVICE_FAMILY = "1,2";
			};
			name = Debug;
		};
		AD02F23D29BBC0CC00A47E52 /* Release */ = {
			isa = XCBuildConfiguration;
			buildSettings = {
				ASSETCATALOG_COMPILER_APPICON_NAME = AppIcon;
				ASSETCATALOG_COMPILER_GLOBAL_ACCENT_COLOR_NAME = AccentColor;
				CODE_SIGN_STYLE = Automatic;
				CURRENT_PROJECT_VERSION = 1;
				GENERATE_INFOPLIST_FILE = YES;
				INFOPLIST_FILE = chatAiDemo/Info.plist;
				INFOPLIST_KEY_UIApplicationSupportsIndirectInputEvents = YES;
				INFOPLIST_KEY_UILaunchStoryboardName = LaunchScreen;
				INFOPLIST_KEY_UIMainStoryboardFile = Main;
				INFOPLIST_KEY_UISupportedInterfaceOrientations_iPad = "UIInterfaceOrientationPortrait UIInterfaceOrientationPortraitUpsideDown UIInterfaceOrientationLandscapeLeft UIInterfaceOrientationLandscapeRight";
				INFOPLIST_KEY_UISupportedInterfaceOrientations_iPhone = "UIInterfaceOrientationPortrait UIInterfaceOrientationLandscapeLeft UIInterfaceOrientationLandscapeRight";
				LD_RUNPATH_SEARCH_PATHS = (
					"$(inherited)",
					"@executable_path/Frameworks",
				);
				MARKETING_VERSION = 1.0;
				PRODUCT_BUNDLE_IDENTIFIER = Don.chatAiDemo;
				PRODUCT_NAME = "$(TARGET_NAME)";
				SWIFT_EMIT_LOC_STRINGS = YES;
				SWIFT_VERSION = 5.0;
				TARGETED_DEVICE_FAMILY = "1,2";
			};
			name = Release;
		};
/* End XCBuildConfiguration section */

/* Begin XCConfigurationList section */
		AD02F22229BBC0CC00A47E52 /* Build configuration list for PBXProject "chatAiDemo" */ = {
			isa = XCConfigurationList;
			buildConfigurations = (
				AD02F23929BBC0CC00A47E52 /* Debug */,
				AD02F23A29BBC0CC00A47E52 /* Release */,
			);
			defaultConfigurationIsVisible = 0;
			defaultConfigurationName = Release;
		};
		AD02F23B29BBC0CC00A47E52 /* Build configuration list for PBXNativeTarget "chatAiDemo" */ = {
			isa = XCConfigurationList;
			buildConfigurations = (
				AD02F23C29BBC0CC00A47E52 /* Debug */,
				AD02F23D29BBC0CC00A47E52 /* Release */,
			);
			defaultConfigurationIsVisible = 0;
			defaultConfigurationName = Release;
		};
/* End XCConfigurationList section */

/* Begin XCRemoteSwiftPackageReference section */
		AD02F23E29BBC13600A47E52 /* XCRemoteSwiftPackageReference "OpenAISwift" */ = {
			isa = XCRemoteSwiftPackageReference;
			repositoryURL = "https://github.com/adamrushy/OpenAISwift";
			requirement = {
				kind = upToNextMajorVersion;
				minimumVersion = 1.0.0;
			};
		};
/* End XCRemoteSwiftPackageReference section */

/* Begin XCSwiftPackageProductDependency section */
		AD02F23F29BBC13600A47E52 /* OpenAISwift */ = {
			isa = XCSwiftPackageProductDependency;
			package = AD02F23E29BBC13600A47E52 /* XCRemoteSwiftPackageReference "OpenAISwift" */;
			productName = OpenAISwift;
		};
/* End XCSwiftPackageProductDependency section */
	};
	rootObject = AD02F21F29BBC0CC00A47E52 /* Project object */;
}
